
Microsoft Visual Studio Solution File, Format Version 12.00
Project("{FAE04EC0-301F-11D3-BF4B-00C04F79EFBC}") = "Option", "Option\Option.csproj", "{855F3478-C890-4DC8-91E7-96D060188578}"
EndProject
Project("{FAE04EC0-301F-11D3-BF4B-00C04F79EFBC}") = "Option.Tests", "Option.Tests\Option.Tests.csproj", "{560D7264-45E8-4F89-99AB-A82767CF073B}"
EndProject
Project("{FAE04EC0-301F-11D3-BF4B-00C04F79EFBC}") = "Option.Examples", "Option.Examples\Option.Examples.csproj", "{EBAEA408-FB6B-4A8D-86CC-5C3E25D2B33D}"
EndProject
Global
	GlobalSection(SolutionConfigurationPlatforms) = preSolution
		Debug|Any CPU = Debug|Any CPU
		Release|Any CPU = Release|Any CPU
	EndGlobalSection
	GlobalSection(ProjectConfigurationPlatforms) = postSolution
		{855F3478-C890-4DC8-91E7-96D060188578}.Debug|Any CPU.ActiveCfg = Debug|Any CPU
		{855F3478-C890-4DC8-91E7-96D060188578}.Debug|Any CPU.Build.0 = Debug|Any CPU
		{855F3478-C890-4DC8-91E7-96D060188578}.Release|Any CPU.ActiveCfg = Release|Any CPU
		{855F3478-C890-4DC8-91E7-96D060188578}.Release|Any CPU.Build.0 = Release|Any CPU
		{560D7264-45E8-4F89-99AB-A82767CF073B}.Debug|Any CPU.ActiveCfg = Debug|Any CPU
		{560D7264-45E8-4F89-99AB-A82767CF073B}.Debug|Any CPU.Build.0 = Debug|Any CPU
		{560D7264-45E8-4F89-99AB-A82767CF073B}.Release|Any CPU.ActiveCfg = Release|Any CPU
		{560D7264-45E8-4F89-99AB-A82767CF073B}.Release|Any CPU.Build.0 = Release|Any CPU
		{EBAEA408-FB6B-4A8D-86CC-5C3E25D2B33D}.Debug|Any CPU.ActiveCfg = Debug|Any CPU
		{EBAEA408-FB6B-4A8D-86CC-5C3E25D2B33D}.Debug|Any CPU.Build.0 = Debug|Any CPU
		{EBAEA408-FB6B-4A8D-86CC-5C3E25D2B33D}.Release|Any CPU.ActiveCfg = Release|Any CPU
		{EBAEA408-FB6B-4A8D-86CC-5C3E25D2B33D}.Release|Any CPU.Build.0 = Release|Any CPU
	EndGlobalSection
EndGlobal
